
Microsoft Visual Studio Solution File, Format Version 12.00
# Visual Studio Version 17
VisualStudioVersion = 17.2.32505.173
MinimumVisualStudioVersion = 10.0.40219.1
Project("{FAE04EC0-301F-11D3-BF4B-00C04F79EFBC}") = "Q10", "Q10\Q10.csproj", "{EABCFD81-4F07-4F5F-90FC-065706C64C86}"
EndProject
Global
	GlobalSection(SolutionConfigurationPlatforms) = preSolution
		Debug|Any CPU = Debug|Any CPU
		Release|Any CPU = Release|Any CPU
	EndGlobalSection
	GlobalSection(ProjectConfigurationPlatforms) = postSolution
		{EABCFD81-4F07-4F5F-90FC-065706C64C86}.Debug|Any CPU.ActiveCfg = Debug|Any CPU
		{EABCFD81-4F07-4F5F-90FC-065706C64C86}.Debug|Any CPU.Build.0 = Debug|Any CPU
		{EABCFD81-4F07-4F5F-90FC-065706C64C86}.Release|Any CPU.ActiveCfg = Release|Any CPU
		{EABCFD81-4F07-4F5F-90FC-065706C64C86}.Release|Any CPU.Build.0 = Release|Any CPU
	EndGlobalSection
	GlobalSection(SolutionProperties) = preSolution
		HideSolutionNode = FALSE
	EndGlobalSection
	GlobalSection(ExtensibilityGlobals) = postSolution
		SolutionGuid = {C369B4C8-3201-4CC9-9FEB-1AC11961F335}
	EndGlobalSection
EndGlobal
